// !$*UTF8*$!
{
	archiveVersion = 1;
	classes = {
	};
	objectVersion = 48;
	objects = {

/* Begin PBXBuildFile section */
		E22942AF1B87C18B00DD27BF /* CommitViewTemplate.png in Resources */ = {isa = PBXBuildFile; fileRef = E22942AD1B87C18B00DD27BF /* CommitViewTemplate.png */; };
		E22942B01B87C18B00DD27BF /* HistoryViewTemplate.png in Resources */ = {isa = PBXBuildFile; fileRef = E22942AE1B87C18B00DD27BF /* HistoryViewTemplate.png */; };
		E2DBF9481B879511006B292E /* AppDelegate.m in Sources */ = {isa = PBXBuildFile; fileRef = E2DBF9471B879511006B292E /* AppDelegate.m */; };
		E2DBF94B1B879511006B292E /* main.m in Sources */ = {isa = PBXBuildFile; fileRef = E2DBF94A1B879511006B292E /* main.m */; };
		E2DBF94E1B879511006B292E /* Document.m in Sources */ = {isa = PBXBuildFile; fileRef = E2DBF94D1B879511006B292E /* Document.m */; };
		E2DBF9631B879628006B292E /* Document.xib in Resources */ = {isa = PBXBuildFile; fileRef = E2DBF95F1B879628006B292E /* Document.xib */; };
		E2DBF9641B879628006B292E /* MainMenu.xib in Resources */ = {isa = PBXBuildFile; fileRef = E2DBF9611B879628006B292E /* MainMenu.xib */; };
		E2DBF9711B8796BD006B292E /* GitUpKit.framework in Frameworks */ = {isa = PBXBuildFile; fileRef = E2DBF96B1B87969A006B292E /* GitUpKit.framework */; };
		E2DBF9721B8796BF006B292E /* GitUpKit.framework in Copy Frameworks */ = {isa = PBXBuildFile; fileRef = E2DBF96B1B87969A006B292E /* GitUpKit.framework */; settings = {ATTRIBUTES = (CodeSignOnCopy, RemoveHeadersOnCopy, ); }; };
		E2DBF9761B87975B006B292E /* DocumentController.m in Sources */ = {isa = PBXBuildFile; fileRef = E2DBF9751B87975B006B292E /* DocumentController.m */; };
/* End PBXBuildFile section */

/* Begin PBXContainerItemProxy section */
		E2DBF96A1B87969A006B292E /* PBXContainerItemProxy */ = {
			isa = PBXContainerItemProxy;
			containerPortal = E2DBF9651B87969A006B292E /* GitUpKit.xcodeproj */;
			proxyType = 2;
			remoteGlobalIDString = E267E1A81B84D6C500BAB377;
			remoteInfo = GitUpKit;
		};
		E2DBF96C1B87969A006B292E /* PBXContainerItemProxy */ = {
			isa = PBXContainerItemProxy;
			containerPortal = E2DBF9651B87969A006B292E /* GitUpKit.xcodeproj */;
			proxyType = 2;
			remoteGlobalIDString = E2C338C419F8562F00063D95;
			remoteInfo = Tests;
		};
		E2DBF96E1B8796A7006B292E /* PBXContainerItemProxy */ = {
			isa = PBXContainerItemProxy;
			containerPortal = E2DBF9651B87969A006B292E /* GitUpKit.xcodeproj */;
			proxyType = 1;
			remoteGlobalIDString = E267E1A71B84D6C500BAB377;
			remoteInfo = GitUpKit;
		};
		E2DC02ED1E1261A200CC091F /* PBXContainerItemProxy */ = {
			isa = PBXContainerItemProxy;
			containerPortal = E2DBF9651B87969A006B292E /* GitUpKit.xcodeproj */;
			proxyType = 2;
			remoteGlobalIDString = E217531B1B91613300BE234A;
			remoteInfo = "GitUpKit (iOS)";
		};
/* End PBXContainerItemProxy section */

/* Begin PBXCopyFilesBuildPhase section */
		E2DBF9701B8796AE006B292E /* Copy Frameworks */ = {
			isa = PBXCopyFilesBuildPhase;
			buildActionMask = 2147483647;
			dstPath = "";
			dstSubfolderSpec = 10;
			files = (
				E2DBF9721B8796BF006B292E /* GitUpKit.framework in Copy Frameworks */,
			);
			name = "Copy Frameworks";
			runOnlyForDeploymentPostprocessing = 0;
		};
/* End PBXCopyFilesBuildPhase section */

/* Begin PBXFileReference section */
		DB72902322C8360B007AB8F7 /* Debug.xcconfig */ = {isa = PBXFileReference; lastKnownFileType = text.xcconfig; path = Debug.xcconfig; sourceTree = "<group>"; };
		DB72902422C8360B007AB8F7 /* Release.xcconfig */ = {isa = PBXFileReference; lastKnownFileType = text.xcconfig; path = Release.xcconfig; sourceTree = "<group>"; };
		DB72902522C8360B007AB8F7 /* Base.xcconfig */ = {isa = PBXFileReference; lastKnownFileType = text.xcconfig; path = Base.xcconfig; sourceTree = "<group>"; };
		E22942AD1B87C18B00DD27BF /* CommitViewTemplate.png */ = {isa = PBXFileReference; lastKnownFileType = image.png; path = CommitViewTemplate.png; sourceTree = "<group>"; };
		E22942AE1B87C18B00DD27BF /* HistoryViewTemplate.png */ = {isa = PBXFileReference; lastKnownFileType = image.png; path = HistoryViewTemplate.png; sourceTree = "<group>"; };
		E2DBF9431B879511006B292E /* GitY.app */ = {isa = PBXFileReference; explicitFileType = wrapper.application; includeInIndex = 0; path = GitY.app; sourceTree = BUILT_PRODUCTS_DIR; };
		E2DBF9461B879511006B292E /* AppDelegate.h */ = {isa = PBXFileReference; lastKnownFileType = sourcecode.c.h; path = AppDelegate.h; sourceTree = "<group>"; };
		E2DBF9471B879511006B292E /* AppDelegate.m */ = {isa = PBXFileReference; lastKnownFileType = sourcecode.c.objc; path = AppDelegate.m; sourceTree = "<group>"; };
		E2DBF94A1B879511006B292E /* main.m */ = {isa = PBXFileReference; lastKnownFileType = sourcecode.c.objc; path = main.m; sourceTree = "<group>"; };
		E2DBF94C1B879511006B292E /* Document.h */ = {isa = PBXFileReference; lastKnownFileType = sourcecode.c.h; path = Document.h; sourceTree = "<group>"; };
		E2DBF94D1B879511006B292E /* Document.m */ = {isa = PBXFileReference; lastKnownFileType = sourcecode.c.objc; path = Document.m; sourceTree = "<group>"; };
		E2DBF9571B879511006B292E /* Info.plist */ = {isa = PBXFileReference; lastKnownFileType = text.plist.xml; path = Info.plist; sourceTree = "<group>"; };
		E2DBF9601B879628006B292E /* Base */ = {isa = PBXFileReference; lastKnownFileType = file.xib; name = Base; path = Base.lproj/Document.xib; sourceTree = "<group>"; };
		E2DBF9621B879628006B292E /* Base */ = {isa = PBXFileReference; lastKnownFileType = file.xib; name = Base; path = Base.lproj/MainMenu.xib; sourceTree = "<group>"; };
		E2DBF9651B87969A006B292E /* GitUpKit.xcodeproj */ = {isa = PBXFileReference; lastKnownFileType = "wrapper.pb-project"; name = GitUpKit.xcodeproj; path = ../../GitUpKit/GitUpKit.xcodeproj; sourceTree = "<group>"; };
		E2DBF9741B87975B006B292E /* DocumentController.h */ = {isa = PBXFileReference; fileEncoding = 4; lastKnownFileType = sourcecode.c.h; path = DocumentController.h; sourceTree = "<group>"; };
		E2DBF9751B87975B006B292E /* DocumentController.m */ = {isa = PBXFileReference; fileEncoding = 4; lastKnownFileType = sourcecode.c.objc; path = DocumentController.m; sourceTree = "<group>"; };
/* End PBXFileReference section */

/* Begin PBXFrameworksBuildPhase section */
		E2DBF9401B879511006B292E /* Frameworks */ = {
			isa = PBXFrameworksBuildPhase;
			buildActionMask = 2147483647;
			files = (
				E2DBF9711B8796BD006B292E /* GitUpKit.framework in Frameworks */,
			);
			runOnlyForDeploymentPostprocessing = 0;
		};
/* End PBXFrameworksBuildPhase section */

/* Begin PBXGroup section */
		DB72902222C8360B007AB8F7 /* Xcode-Configurations */ = {
			isa = PBXGroup;
			children = (
				DB72902322C8360B007AB8F7 /* Debug.xcconfig */,
				DB72902422C8360B007AB8F7 /* Release.xcconfig */,
				DB72902522C8360B007AB8F7 /* Base.xcconfig */,
			);
			name = "Xcode-Configurations";
			path = "../../Xcode-Configurations";
			sourceTree = "<group>";
		};
		E2DBF93A1B879511006B292E = {
			isa = PBXGroup;
			children = (
				E2DBF9651B87969A006B292E /* GitUpKit.xcodeproj */,
				E2DBF9461B879511006B292E /* AppDelegate.h */,
				E2DBF9471B879511006B292E /* AppDelegate.m */,
				E2DBF94C1B879511006B292E /* Document.h */,
				E2DBF94D1B879511006B292E /* Document.m */,
				E2DBF95F1B879628006B292E /* Document.xib */,
				E2DBF9741B87975B006B292E /* DocumentController.h */,
				E2DBF9751B87975B006B292E /* DocumentController.m */,
				E2DBF9611B879628006B292E /* MainMenu.xib */,
				E2DBF9571B879511006B292E /* Info.plist */,
				E2DBF94A1B879511006B292E /* main.m */,
				E22942AD1B87C18B00DD27BF /* CommitViewTemplate.png */,
				E22942AE1B87C18B00DD27BF /* HistoryViewTemplate.png */,
				E2DBF9441B879511006B292E /* Products */,
				DB72902222C8360B007AB8F7 /* Xcode-Configurations */,
			);
			sourceTree = "<group>";
		};
		E2DBF9441B879511006B292E /* Products */ = {
			isa = PBXGroup;
			children = (
				E2DBF9431B879511006B292E /* GitY.app */,
			);
			name = Products;
			sourceTree = "<group>";
		};
		E2DBF9661B87969A006B292E /* Products */ = {
			isa = PBXGroup;
			children = (
				E2DBF96B1B87969A006B292E /* GitUpKit.framework */,
				E2DC02EE1E1261A200CC091F /* GitUpKit.framework */,
				E2DBF96D1B87969A006B292E /* GitUpTests.xctest */,
			);
			name = Products;
			sourceTree = "<group>";
		};
/* End PBXGroup section */

/* Begin PBXNativeTarget section */
		E2DBF9421B879511006B292E /* GitY */ = {
			isa = PBXNativeTarget;
			buildConfigurationList = E2DBF95A1B879511006B292E /* Build configuration list for PBXNativeTarget "GitY" */;
			buildPhases = (
				E2DBF93F1B879511006B292E /* Sources */,
				E2DBF9401B879511006B292E /* Frameworks */,
				E2DBF9411B879511006B292E /* Resources */,
				E2DBF9701B8796AE006B292E /* Copy Frameworks */,
			);
			buildRules = (
			);
			dependencies = (
				E2DBF96F1B8796A7006B292E /* PBXTargetDependency */,
			);
			name = GitY;
			productName = GitY;
			productReference = E2DBF9431B879511006B292E /* GitY.app */;
			productType = "com.apple.product-type.application";
		};
/* End PBXNativeTarget section */

/* Begin PBXProject section */
		E2DBF93B1B879511006B292E /* Project object */ = {
			isa = PBXProject;
			attributes = {
				LastUpgradeCheck = 1020;
				TargetAttributes = {
					E2DBF9421B879511006B292E = {
						CreatedOnToolsVersion = 7.0;
					};
				};
			};
			buildConfigurationList = E2DBF93E1B879511006B292E /* Build configuration list for PBXProject "GitY" */;
			compatibilityVersion = "Xcode 8.0";
			developmentRegion = en;
			hasScannedForEncodings = 0;
			knownRegions = (
				en,
				Base,
			);
			mainGroup = E2DBF93A1B879511006B292E;
			productRefGroup = E2DBF9441B879511006B292E /* Products */;
			projectDirPath = "";
			projectReferences = (
				{
					ProductGroup = E2DBF9661B87969A006B292E /* Products */;
					ProjectRef = E2DBF9651B87969A006B292E /* GitUpKit.xcodeproj */;
				},
			);
			projectRoot = "";
			targets = (
				E2DBF9421B879511006B292E /* GitY */,
			);
		};
/* End PBXProject section */

/* Begin PBXReferenceProxy section */
		E2DBF96B1B87969A006B292E /* GitUpKit.framework */ = {
			isa = PBXReferenceProxy;
			fileType = wrapper.framework;
			path = GitUpKit.framework;
			remoteRef = E2DBF96A1B87969A006B292E /* PBXContainerItemProxy */;
			sourceTree = BUILT_PRODUCTS_DIR;
		};
		E2DBF96D1B87969A006B292E /* GitUpTests.xctest */ = {
			isa = PBXReferenceProxy;
			fileType = wrapper.cfbundle;
			path = GitUpTests.xctest;
			remoteRef = E2DBF96C1B87969A006B292E /* PBXContainerItemProxy */;
			sourceTree = BUILT_PRODUCTS_DIR;
		};
		E2DC02EE1E1261A200CC091F /* GitUpKit.framework */ = {
			isa = PBXReferenceProxy;
			fileType = wrapper.framework;
			path = GitUpKit.framework;
			remoteRef = E2DC02ED1E1261A200CC091F /* PBXContainerItemProxy */;
			sourceTree = BUILT_PRODUCTS_DIR;
		};
/* End PBXReferenceProxy section */

/* Begin PBXResourcesBuildPhase section */
		E2DBF9411B879511006B292E /* Resources */ = {
			isa = PBXResourcesBuildPhase;
			buildActionMask = 2147483647;
			files = (
				E2DBF9631B879628006B292E /* Document.xib in Resources */,
				E2DBF9641B879628006B292E /* MainMenu.xib in Resources */,
				E22942AF1B87C18B00DD27BF /* CommitViewTemplate.png in Resources */,
				E22942B01B87C18B00DD27BF /* HistoryViewTemplate.png in Resources */,
			);
			runOnlyForDeploymentPostprocessing = 0;
		};
/* End PBXResourcesBuildPhase section */

/* Begin PBXSourcesBuildPhase section */
		E2DBF93F1B879511006B292E /* Sources */ = {
			isa = PBXSourcesBuildPhase;
			buildActionMask = 2147483647;
			files = (
				E2DBF94B1B879511006B292E /* main.m in Sources */,
				E2DBF9481B879511006B292E /* AppDelegate.m in Sources */,
				E2DBF9761B87975B006B292E /* DocumentController.m in Sources */,
				E2DBF94E1B879511006B292E /* Document.m in Sources */,
			);
			runOnlyForDeploymentPostprocessing = 0;
		};
/* End PBXSourcesBuildPhase section */

/* Begin PBXTargetDependency section */
		E2DBF96F1B8796A7006B292E /* PBXTargetDependency */ = {
			isa = PBXTargetDependency;
			name = GitUpKit;
			targetProxy = E2DBF96E1B8796A7006B292E /* PBXContainerItemProxy */;
		};
/* End PBXTargetDependency section */

/* Begin PBXVariantGroup section */
		E2DBF95F1B879628006B292E /* Document.xib */ = {
			isa = PBXVariantGroup;
			children = (
				E2DBF9601B879628006B292E /* Base */,
			);
			name = Document.xib;
			sourceTree = "<group>";
		};
		E2DBF9611B879628006B292E /* MainMenu.xib */ = {
			isa = PBXVariantGroup;
			children = (
				E2DBF9621B879628006B292E /* Base */,
			);
			name = MainMenu.xib;
			sourceTree = "<group>";
		};
/* End PBXVariantGroup section */

/* Begin XCBuildConfiguration section */
		E2DBF9581B879511006B292E /* Debug */ = {
			isa = XCBuildConfiguration;
			baseConfigurationReference = DB72902322C8360B007AB8F7 /* Debug.xcconfig */;
			buildSettings = {
				SDKROOT = macosx;
			};
			name = Debug;
		};
		E2DBF9591B879511006B292E /* Release */ = {
			isa = XCBuildConfiguration;
			baseConfigurationReference = DB72902422C8360B007AB8F7 /* Release.xcconfig */;
			buildSettings = {
				SDKROOT = macosx;
			};
			name = Release;
		};
		E2DBF95B1B879511006B292E /* Debug */ = {
			isa = XCBuildConfiguration;
			buildSettings = {
				INFOPLIST_FILE = Info.plist;
				LD_RUNPATH_SEARCH_PATHS = "$(inherited) @executable_path/../Frameworks";
				PRODUCT_BUNDLE_IDENTIFIER = co.gitup.y;
				PRODUCT_NAME = "$(TARGET_NAME)";
			};
			name = Debug;
		};
		E2DBF95C1B879511006B292E /* Release */ = {
			isa = XCBuildConfiguration;
			buildSettings = {
				INFOPLIST_FILE = Info.plist;
				LD_RUNPATH_SEARCH_PATHS = "$(inherited) @executable_path/../Frameworks";
				PRODUCT_BUNDLE_IDENTIFIER = co.gitup.y;
				PRODUCT_NAME = "$(TARGET_NAME)";
			};
			name = Release;
		};
/* End XCBuildConfiguration section */

/* Begin XCConfigurationList section */
		E2DBF93E1B879511006B292E /* Build configuration list for PBXProject "GitY" */ = {
			isa = XCConfigurationList;
			buildConfigurations = (
				E2DBF9581B879511006B292E /* Debug */,
				E2DBF9591B879511006B292E /* Release */,
			);
			defaultConfigurationIsVisible = 0;
			defaultConfigurationName = Release;
		};
		E2DBF95A1B879511006B292E /* Build configuration list for PBXNativeTarget "GitY" */ = {
			isa = XCConfigurationList;
			buildConfigurations = (
				E2DBF95B1B879511006B292E /* Debug */,
				E2DBF95C1B879511006B292E /* Release */,
			);
			defaultConfigurationIsVisible = 0;
			defaultConfigurationName = Release;
		};
/* End XCConfigurationList section */
	};
	rootObject = E2DBF93B1B879511006B292E /* Project object */;
}
