// !$*UTF8*$!
{
	archiveVersion = 1;
	classes = {
	};
	objectVersion = 52;
	objects = {

/* Begin PBXBuildFile section */
		0A01676A2330CABD0069961E /* ServicesProvider.m in Sources */ = {isa = PBXBuildFile; fileRef = 0A0167692330CABD0069961E /* ServicesProvider.m */; };
		0A0C5ACB23720BAE000D84A1 /* KeychainAccessor.m in Sources */ = {isa = PBXBuildFile; fileRef = 0A0C5ACA23720BAE000D84A1 /* KeychainAccessor.m */; };
		0A0D211B23579888003A2B5F /* AboutWindowController.m in Sources */ = {isa = PBXBuildFile; fileRef = 0A0D211723579887003A2B5F /* AboutWindowController.m */; };
		0A2BBECB235F9B2400912B65 /* AboutWindowController.xib in Resources */ = {isa = PBXBuildFile; fileRef = 0A2BBEC9235F9B2400912B65 /* AboutWindowController.xib */; };
		0A2F488F23683DC90072C6FB /* AuthenticationWindowController.m in Sources */ = {isa = PBXBuildFile; fileRef = 0A2F488E23683DC90072C6FB /* AuthenticationWindowController.m */; };
		0A2F489223683DD60072C6FB /* AuthenticationWindowController.xib in Resources */ = {isa = PBXBuildFile; fileRef = 0A2F489023683DD60072C6FB /* AuthenticationWindowController.xib */; };
		0A3388BC2353BD630022528D /* WelcomeWindowController.xib in Resources */ = {isa = PBXBuildFile; fileRef = 0A3388BA2353BD630022528D /* WelcomeWindowController.xib */; };
		0A4881DC26C7B98D00289CF9 /* Libgit2Origin in Frameworks */ = {isa = PBXBuildFile; productRef = 0A4881DB26C7B98D00289CF9 /* Libgit2Origin */; };
		0A58CD77237B4F4B00C2BDD0 /* CloneWindowController.m in Sources */ = {isa = PBXBuildFile; fileRef = 0A58CD73237B4F4B00C2BDD0 /* CloneWindowController.m */; };
		0A58CD7A237B4F9600C2BDD0 /* CloneWindowController.xib in Resources */ = {isa = PBXBuildFile; fileRef = 0A58CD78237B4F9600C2BDD0 /* CloneWindowController.xib */; };
		0AC8525123A11F2F00479160 /* PreferencesWindowController.m in Sources */ = {isa = PBXBuildFile; fileRef = 0AC8525023A11F2F00479160 /* PreferencesWindowController.m */; };
		0AC8525423A11F3700479160 /* PreferencesWindowController.xib in Resources */ = {isa = PBXBuildFile; fileRef = 0AC8525223A11F3700479160 /* PreferencesWindowController.xib */; };
		0AD4625B232711B000BE28D1 /* WelcomeWindowController.m in Sources */ = {isa = PBXBuildFile; fileRef = 0AD4625A232711B000BE28D1 /* WelcomeWindowController.m */; };
		0AE7F5F12312C1B000B06050 /* InfoPlist.strings in Resources */ = {isa = PBXBuildFile; fileRef = 0AE7F5ED2312C1B000B06050 /* InfoPlist.strings */; };
		31CD50E3203E2E2800360B3A /* ToolbarItemWrapperView.m in Sources */ = {isa = PBXBuildFile; fileRef = 31CD50E2203E2E2800360B3A /* ToolbarItemWrapperView.m */; };
		A53C6D0C1E61A9CF0070387E /* FontSizeTransformer.m in Sources */ = {isa = PBXBuildFile; fileRef = A53C6D0B1E61A9CF0070387E /* FontSizeTransformer.m */; };
		DBBEE685256B0A0200F96DAF /* libiconv.tbd in Frameworks */ = {isa = PBXBuildFile; fileRef = DBBEE684256B0A0200F96DAF /* libiconv.tbd */; };
		DBBEE688256B0A0A00F96DAF /* libz.tbd in Frameworks */ = {isa = PBXBuildFile; fileRef = DBBEE687256B0A0A00F96DAF /* libz.tbd */; };
		E21739F71A5080DD00EC6777 /* DocumentController.m in Sources */ = {isa = PBXBuildFile; fileRef = E21739F61A5080DD00EC6777 /* DocumentController.m */; };
		E21DCAEB1B253847006424E8 /* main.m in Sources */ = {isa = PBXBuildFile; fileRef = E21DCAEA1B253847006424E8 /* main.m */; };
		E21DCAF31B253919006424E8 /* gitup in Copy Tool */ = {isa = PBXBuildFile; fileRef = E21DCAE81B253847006424E8 /* gitup */; settings = {ATTRIBUTES = (CodeSignOnCopy, ); }; };
		E21DCAF51B254117006424E8 /* install.sh in Copy Tool */ = {isa = PBXBuildFile; fileRef = E21DCAF41B254112006424E8 /* install.sh */; };
		E25EBCEB1AA3F8B700D3AF44 /* Application.xcassets in Resources */ = {isa = PBXBuildFile; fileRef = E25EBCEA1AA3F8B700D3AF44 /* Application.xcassets */; };
		E2653D251A5B2FBD006A9871 /* Sparkle.framework in Frameworks */ = {isa = PBXBuildFile; fileRef = E2653D241A5B2FBD006A9871 /* Sparkle.framework */; };
		E267E1F31B84D93300BAB377 /* Sparkle.framework in Copy Frameworks */ = {isa = PBXBuildFile; fileRef = E2653D241A5B2FBD006A9871 /* Sparkle.framework */; settings = {ATTRIBUTES = (CodeSignOnCopy, RemoveHeadersOnCopy, ); }; };
		E267E2741B84E42A00BAB377 /* Help.plist in Resources */ = {isa = PBXBuildFile; fileRef = E2BDA0671AD47A2F00E69729 /* Help.plist */; };
		E28A16E51B87023200218332 /* GitUpKit.framework in Frameworks */ = {isa = PBXBuildFile; fileRef = E28A16E01B87021600218332 /* GitUpKit.framework */; };
		E28A16E61B87023C00218332 /* GitUpKit.framework in Copy Frameworks */ = {isa = PBXBuildFile; fileRef = E28A16E01B87021600218332 /* GitUpKit.framework */; settings = {ATTRIBUTES = (CodeSignOnCopy, RemoveHeadersOnCopy, ); }; };
		E2A5BE701A814970008DD47F /* Localizable.strings in Resources */ = {isa = PBXBuildFile; fileRef = E2A5BE6E1A814970008DD47F /* Localizable.strings */; };
		E2C338B219F8562F00063D95 /* AppDelegate.m in Sources */ = {isa = PBXBuildFile; fileRef = E2C338B119F8562F00063D95 /* AppDelegate.m */; };
		E2C338B419F8562F00063D95 /* main.m in Sources */ = {isa = PBXBuildFile; fileRef = E2C338B319F8562F00063D95 /* main.m */; };
		E2C338B719F8562F00063D95 /* Document.m in Sources */ = {isa = PBXBuildFile; fileRef = E2C338B619F8562F00063D95 /* Document.m */; };
		E2C338BA19F8562F00063D95 /* Document.xib in Resources */ = {isa = PBXBuildFile; fileRef = E2C338B819F8562F00063D95 /* Document.xib */; };
		E2C338BF19F8562F00063D95 /* MainMenu.xib in Resources */ = {isa = PBXBuildFile; fileRef = E2C338BD19F8562F00063D95 /* MainMenu.xib */; };
		E2C5672D1A6D98BC00ECFE07 /* WindowController.m in Sources */ = {isa = PBXBuildFile; fileRef = E2C5672C1A6D98BC00ECFE07 /* WindowController.m */; };
/* End PBXBuildFile section */

/* Begin PBXContainerItemProxy section */
		DBBEE6BE256B0B1C00F96DAF /* PBXContainerItemProxy */ = {
			isa = PBXContainerItemProxy;
			containerPortal = E28A16DA1B87021600218332 /* GitUpKit.xcodeproj */;
			proxyType = 1;
			remoteGlobalIDString = E267E1A71B84D6C500BAB377;
			remoteInfo = "GitUpKit (macOS)";
		};
		E217538A1B91641F00BE234A /* PBXContainerItemProxy */ = {
			isa = PBXContainerItemProxy;
			containerPortal = E28A16DA1B87021600218332 /* GitUpKit.xcodeproj */;
			proxyType = 2;
			remoteGlobalIDString = E217531B1B91613300BE234A;
			remoteInfo = "GitUpKit (iOS)";
		};
		E21DCAF01B2538C5006424E8 /* PBXContainerItemProxy */ = {
			isa = PBXContainerItemProxy;
			containerPortal = E2C338A319F8562F00063D95 /* Project object */;
			proxyType = 1;
			remoteGlobalIDString = E21DCAE71B253847006424E8;
			remoteInfo = Tool;
		};
		E28A16DF1B87021600218332 /* PBXContainerItemProxy */ = {
			isa = PBXContainerItemProxy;
			containerPortal = E28A16DA1B87021600218332 /* GitUpKit.xcodeproj */;
			proxyType = 2;
			remoteGlobalIDString = E267E1A81B84D6C500BAB377;
			remoteInfo = GitUpKit;
		};
		E28A16E11B87021600218332 /* PBXContainerItemProxy */ = {
			isa = PBXContainerItemProxy;
			containerPortal = E28A16DA1B87021600218332 /* GitUpKit.xcodeproj */;
			proxyType = 2;
			remoteGlobalIDString = E2C338C419F8562F00063D95;
			remoteInfo = Tests;
		};
/* End PBXContainerItemProxy section */

/* Begin PBXCopyFilesBuildPhase section */
		E21DCAF21B2538FB006424E8 /* Copy Tool */ = {
			isa = PBXCopyFilesBuildPhase;
			buildActionMask = 2147483647;
			dstPath = "";
			dstSubfolderSpec = 12;
			files = (
				E21DCAF31B253919006424E8 /* gitup in Copy Tool */,
				E21DCAF51B254117006424E8 /* install.sh in Copy Tool */,
			);
			name = "Copy Tool";
			runOnlyForDeploymentPostprocessing = 0;
		};
		E2653D271A5B3298006A9871 /* Copy Frameworks */ = {
			isa = PBXCopyFilesBuildPhase;
			buildActionMask = 2147483647;
			dstPath = "";
			dstSubfolderSpec = 10;
			files = (
				E267E1F31B84D93300BAB377 /* Sparkle.framework in Copy Frameworks */,
				E28A16E61B87023C00218332 /* GitUpKit.framework in Copy Frameworks */,
			);
			name = "Copy Frameworks";
			runOnlyForDeploymentPostprocessing = 0;
		};
/* End PBXCopyFilesBuildPhase section */

/* Begin PBXFileReference section */
		0A0167682330CABD0069961E /* ServicesProvider.h */ = {isa = PBXFileReference; lastKnownFileType = sourcecode.c.h; path = ServicesProvider.h; sourceTree = "<group>"; };
		0A0167692330CABD0069961E /* ServicesProvider.m */ = {isa = PBXFileReference; lastKnownFileType = sourcecode.c.objc; path = ServicesProvider.m; sourceTree = "<group>"; };
		0A0C5AC923720BAE000D84A1 /* KeychainAccessor.h */ = {isa = PBXFileReference; lastKnownFileType = sourcecode.c.h; path = KeychainAccessor.h; sourceTree = "<group>"; };
		0A0C5ACA23720BAE000D84A1 /* KeychainAccessor.m */ = {isa = PBXFileReference; lastKnownFileType = sourcecode.c.objc; path = KeychainAccessor.m; sourceTree = "<group>"; };
		0A0D211723579887003A2B5F /* AboutWindowController.m */ = {isa = PBXFileReference; fileEncoding = 4; lastKnownFileType = sourcecode.c.objc; path = AboutWindowController.m; sourceTree = "<group>"; };
		0A0D211A23579887003A2B5F /* AboutWindowController.h */ = {isa = PBXFileReference; fileEncoding = 4; lastKnownFileType = sourcecode.c.h; path = AboutWindowController.h; sourceTree = "<group>"; };
		0A2BBECA235F9B2400912B65 /* Base */ = {isa = PBXFileReference; lastKnownFileType = file.xib; name = Base; path = Base.lproj/AboutWindowController.xib; sourceTree = "<group>"; };
		0A2F488B23683DC90072C6FB /* AuthenticationWindowController.h */ = {isa = PBXFileReference; fileEncoding = 4; lastKnownFileType = sourcecode.c.h; path = AuthenticationWindowController.h; sourceTree = "<group>"; };
		0A2F488E23683DC90072C6FB /* AuthenticationWindowController.m */ = {isa = PBXFileReference; fileEncoding = 4; lastKnownFileType = sourcecode.c.objc; path = AuthenticationWindowController.m; sourceTree = "<group>"; };
		0A2F489123683DD60072C6FB /* Base */ = {isa = PBXFileReference; lastKnownFileType = file.xib; name = Base; path = Base.lproj/AuthenticationWindowController.xib; sourceTree = "<group>"; };
		0A3388BB2353BD630022528D /* Base */ = {isa = PBXFileReference; lastKnownFileType = file.xib; name = Base; path = Base.lproj/WelcomeWindowController.xib; sourceTree = "<group>"; };
		0A58CD73237B4F4B00C2BDD0 /* CloneWindowController.m */ = {isa = PBXFileReference; fileEncoding = 4; lastKnownFileType = sourcecode.c.objc; path = CloneWindowController.m; sourceTree = "<group>"; };
		0A58CD76237B4F4B00C2BDD0 /* CloneWindowController.h */ = {isa = PBXFileReference; fileEncoding = 4; lastKnownFileType = sourcecode.c.h; path = CloneWindowController.h; sourceTree = "<group>"; };
		0A58CD79237B4F9600C2BDD0 /* Base */ = {isa = PBXFileReference; lastKnownFileType = file.xib; name = Base; path = Base.lproj/CloneWindowController.xib; sourceTree = "<group>"; };
		0AC8524D23A11F2F00479160 /* PreferencesWindowController.h */ = {isa = PBXFileReference; fileEncoding = 4; lastKnownFileType = sourcecode.c.h; path = PreferencesWindowController.h; sourceTree = "<group>"; };
		0AC8525023A11F2F00479160 /* PreferencesWindowController.m */ = {isa = PBXFileReference; fileEncoding = 4; lastKnownFileType = sourcecode.c.objc; path = PreferencesWindowController.m; sourceTree = "<group>"; };
		0AC8525323A11F3700479160 /* Base */ = {isa = PBXFileReference; lastKnownFileType = file.xib; name = Base; path = Base.lproj/PreferencesWindowController.xib; sourceTree = "<group>"; };
		0AD46259232711B000BE28D1 /* WelcomeWindowController.h */ = {isa = PBXFileReference; lastKnownFileType = sourcecode.c.h; path = WelcomeWindowController.h; sourceTree = "<group>"; };
		0AD4625A232711B000BE28D1 /* WelcomeWindowController.m */ = {isa = PBXFileReference; lastKnownFileType = sourcecode.c.objc; path = WelcomeWindowController.m; sourceTree = "<group>"; };
		0AE7F5EE2312C1B000B06050 /* en */ = {isa = PBXFileReference; lastKnownFileType = text.plist.strings; name = en; path = en.lproj/InfoPlist.strings; sourceTree = "<group>"; };
		1D2DA2F923E9E99700691DEF /* GitUp.entitlements */ = {isa = PBXFileReference; lastKnownFileType = text.plist.entitlements; path = GitUp.entitlements; sourceTree = "<group>"; };
		31CD50E1203E2E2800360B3A /* ToolbarItemWrapperView.h */ = {isa = PBXFileReference; lastKnownFileType = sourcecode.c.h; path = ToolbarItemWrapperView.h; sourceTree = "<group>"; };
		31CD50E2203E2E2800360B3A /* ToolbarItemWrapperView.m */ = {isa = PBXFileReference; lastKnownFileType = sourcecode.c.objc; path = ToolbarItemWrapperView.m; sourceTree = "<group>"; };
		3DB98C7D23E091650039B454 /* DEVELOPMENT_TEAM.xcconfig */ = {isa = PBXFileReference; lastKnownFileType = text.xcconfig; path = DEVELOPMENT_TEAM.xcconfig; sourceTree = "<group>"; };
		A53C6D0A1E61A9CF0070387E /* FontSizeTransformer.h */ = {isa = PBXFileReference; fileEncoding = 4; lastKnownFileType = sourcecode.c.h; path = FontSizeTransformer.h; sourceTree = "<group>"; };
		A53C6D0B1E61A9CF0070387E /* FontSizeTransformer.m */ = {isa = PBXFileReference; fileEncoding = 4; lastKnownFileType = sourcecode.c.objc; path = FontSizeTransformer.m; sourceTree = "<group>"; };
		DB0D250E256738F600E6F48A /* libgit2.a */ = {isa = PBXFileReference; explicitFileType = archive.ar; path = libgit2.a; sourceTree = BUILT_PRODUCTS_DIR; };
		DBBEE684256B0A0200F96DAF /* libiconv.tbd */ = {isa = PBXFileReference; lastKnownFileType = "sourcecode.text-based-dylib-definition"; name = libiconv.tbd; path = usr/lib/libiconv.tbd; sourceTree = SDKROOT; };
		DBBEE687256B0A0A00F96DAF /* libz.tbd */ = {isa = PBXFileReference; lastKnownFileType = "sourcecode.text-based-dylib-definition"; name = libz.tbd; path = usr/lib/libz.tbd; sourceTree = SDKROOT; };
		E21739F51A5080DD00EC6777 /* DocumentController.h */ = {isa = PBXFileReference; fileEncoding = 4; lastKnownFileType = sourcecode.c.h; path = DocumentController.h; sourceTree = "<group>"; };
		E21739F61A5080DD00EC6777 /* DocumentController.m */ = {isa = PBXFileReference; fileEncoding = 4; lastKnownFileType = sourcecode.c.objc; path = DocumentController.m; sourceTree = "<group>"; };
		E21DCAE81B253847006424E8 /* gitup */ = {isa = PBXFileReference; explicitFileType = "compiled.mach-o.executable"; includeInIndex = 0; path = gitup; sourceTree = BUILT_PRODUCTS_DIR; };
		E21DCAEA1B253847006424E8 /* main.m */ = {isa = PBXFileReference; lastKnownFileType = sourcecode.c.objc; path = main.m; sourceTree = "<group>"; };
		E21DCAF41B254112006424E8 /* install.sh */ = {isa = PBXFileReference; lastKnownFileType = text.script.sh; path = install.sh; sourceTree = "<group>"; };
		E24306981B276D0B00CE8CCB /* ToolProtocol.h */ = {isa = PBXFileReference; lastKnownFileType = sourcecode.c.h; path = ToolProtocol.h; sourceTree = "<group>"; };
		E25EBCEA1AA3F8B700D3AF44 /* Application.xcassets */ = {isa = PBXFileReference; lastKnownFileType = folder.assetcatalog; path = Application.xcassets; sourceTree = "<group>"; };
		E2653D241A5B2FBD006A9871 /* Sparkle.framework */ = {isa = PBXFileReference; lastKnownFileType = wrapper.framework; name = Sparkle.framework; path = "Third-Party/Sparkle.framework"; sourceTree = SOURCE_ROOT; };
		E27E37561B86F670000A551A /* Base.xcconfig */ = {isa = PBXFileReference; lastKnownFileType = text.xcconfig; path = Base.xcconfig; sourceTree = "<group>"; };
		E27E37571B86F670000A551A /* Debug.xcconfig */ = {isa = PBXFileReference; lastKnownFileType = text.xcconfig; path = Debug.xcconfig; sourceTree = "<group>"; };
		E27E37591B86F670000A551A /* Release.xcconfig */ = {isa = PBXFileReference; lastKnownFileType = text.xcconfig; path = Release.xcconfig; sourceTree = "<group>"; };
		E28A16DA1B87021600218332 /* GitUpKit.xcodeproj */ = {isa = PBXFileReference; lastKnownFileType = "wrapper.pb-project"; name = GitUpKit.xcodeproj; path = ../GitUpKit/GitUpKit.xcodeproj; sourceTree = "<group>"; };
		E2A5BE6C1A80E560008DD47F /* Common.h */ = {isa = PBXFileReference; fileEncoding = 4; lastKnownFileType = sourcecode.c.h; path = Common.h; sourceTree = "<group>"; };
		E2A5BE6F1A814970008DD47F /* en */ = {isa = PBXFileReference; lastKnownFileType = text.plist.strings; name = en; path = en.lproj/Localizable.strings; sourceTree = "<group>"; };
		E2BDA0681AD47A2F00E69729 /* en */ = {isa = PBXFileReference; lastKnownFileType = text.plist.xml; name = en; path = en.lproj/Help.plist; sourceTree = "<group>"; };
		E2C338AB19F8562F00063D95 /* GitUp.app */ = {isa = PBXFileReference; explicitFileType = wrapper.application; includeInIndex = 0; path = GitUp.app; sourceTree = BUILT_PRODUCTS_DIR; };
		E2C338AF19F8562F00063D95 /* Info.plist */ = {isa = PBXFileReference; lastKnownFileType = text.plist.xml; path = Info.plist; sourceTree = "<group>"; };
		E2C338B019F8562F00063D95 /* AppDelegate.h */ = {isa = PBXFileReference; lastKnownFileType = sourcecode.c.h; path = AppDelegate.h; sourceTree = "<group>"; };
		E2C338B119F8562F00063D95 /* AppDelegate.m */ = {isa = PBXFileReference; lastKnownFileType = sourcecode.c.objc; path = AppDelegate.m; sourceTree = "<group>"; };
		E2C338B319F8562F00063D95 /* main.m */ = {isa = PBXFileReference; lastKnownFileType = sourcecode.c.objc; path = main.m; sourceTree = "<group>"; };
		E2C338B519F8562F00063D95 /* Document.h */ = {isa = PBXFileReference; lastKnownFileType = sourcecode.c.h; path = Document.h; sourceTree = "<group>"; };
		E2C338B619F8562F00063D95 /* Document.m */ = {isa = PBXFileReference; lastKnownFileType = sourcecode.c.objc; path = Document.m; sourceTree = "<group>"; };
		E2C5672B1A6D98BC00ECFE07 /* WindowController.h */ = {isa = PBXFileReference; fileEncoding = 4; lastKnownFileType = sourcecode.c.h; path = WindowController.h; sourceTree = "<group>"; };
		E2C5672C1A6D98BC00ECFE07 /* WindowController.m */ = {isa = PBXFileReference; fileEncoding = 4; lastKnownFileType = sourcecode.c.objc; path = WindowController.m; sourceTree = "<group>"; };
		E2C8C91519FABC5100DA54AA /* Base */ = {isa = PBXFileReference; lastKnownFileType = file.xib; name = Base; path = Base.lproj/Document.xib; sourceTree = "<group>"; };
		E2C8C91619FABC5100DA54AA /* Base */ = {isa = PBXFileReference; lastKnownFileType = file.xib; name = Base; path = Base.lproj/MainMenu.xib; sourceTree = "<group>"; };
/* End PBXFileReference section */

/* Begin PBXFrameworksBuildPhase section */
		E21DCAE51B253847006424E8 /* Frameworks */ = {
			isa = PBXFrameworksBuildPhase;
			buildActionMask = 2147483647;
			files = (
				DBBEE685256B0A0200F96DAF /* libiconv.tbd in Frameworks */,
				0A4881DC26C7B98D00289CF9 /* Libgit2Origin in Frameworks */,
				DBBEE688256B0A0A00F96DAF /* libz.tbd in Frameworks */,
			);
			runOnlyForDeploymentPostprocessing = 0;
		};
		E2C338A819F8562F00063D95 /* Frameworks */ = {
			isa = PBXFrameworksBuildPhase;
			buildActionMask = 2147483647;
			files = (
				E28A16E51B87023200218332 /* GitUpKit.framework in Frameworks */,
				E2653D251A5B2FBD006A9871 /* Sparkle.framework in Frameworks */,
			);
			runOnlyForDeploymentPostprocessing = 0;
		};
/* End PBXFrameworksBuildPhase section */

/* Begin PBXGroup section */
		DB0D250D256738F600E6F48A /* Frameworks */ = {
			isa = PBXGroup;
			children = (
				DB0D250E256738F600E6F48A /* libgit2.a */,
				DBBEE684256B0A0200F96DAF /* libiconv.tbd */,
				DBBEE687256B0A0A00F96DAF /* libz.tbd */,
				E2653D241A5B2FBD006A9871 /* Sparkle.framework */,
			);
			name = Frameworks;
			sourceTree = "<group>";
		};
		E21DCAE91B253847006424E8 /* Tool */ = {
			isa = PBXGroup;
			children = (
				E21DCAF41B254112006424E8 /* install.sh */,
				E21DCAEA1B253847006424E8 /* main.m */,
			);
			path = Tool;
			sourceTree = "<group>";
		};
		E27E37551B86F670000A551A /* Xcode-Configurations */ = {
			isa = PBXGroup;
			children = (
				E27E37561B86F670000A551A /* Base.xcconfig */,
				E27E37571B86F670000A551A /* Debug.xcconfig */,
				E27E37591B86F670000A551A /* Release.xcconfig */,
				3DB98C7D23E091650039B454 /* DEVELOPMENT_TEAM.xcconfig */,
			);
			name = "Xcode-Configurations";
			path = "../Xcode-Configurations";
			sourceTree = "<group>";
		};
		E28A16DB1B87021600218332 /* Products */ = {
			isa = PBXGroup;
			children = (
				E28A16E01B87021600218332 /* GitUpKit.framework */,
				E217538B1B91641F00BE234A /* GitUpKit.framework */,
				E28A16E21B87021600218332 /* GitUpTests.xctest */,
			);
			name = Products;
			sourceTree = "<group>";
		};
		E2C338A219F8562F00063D95 = {
			isa = PBXGroup;
			children = (
				E28A16DA1B87021600218332 /* GitUpKit.xcodeproj */,
				E24306981B276D0B00CE8CCB /* ToolProtocol.h */,
				E21DCAE91B253847006424E8 /* Tool */,
				E2C338AD19F8562F00063D95 /* Application */,
				DB0D250D256738F600E6F48A /* Frameworks */,
				E27E37551B86F670000A551A /* Xcode-Configurations */,
				E2C338AC19F8562F00063D95 /* Products */,
			);
			indentWidth = 2;
			sourceTree = "<group>";
			tabWidth = 2;
			usesTabs = 0;
		};
		E2C338AC19F8562F00063D95 /* Products */ = {
			isa = PBXGroup;
			children = (
				E2C338AB19F8562F00063D95 /* GitUp.app */,
				E21DCAE81B253847006424E8 /* gitup */,
			);
			name = Products;
			sourceTree = "<group>";
		};
		E2C338AD19F8562F00063D95 /* Application */ = {
			isa = PBXGroup;
			children = (
				1D2DA2F923E9E99700691DEF /* GitUp.entitlements */,
				E2C338B019F8562F00063D95 /* AppDelegate.h */,
				E2C338B119F8562F00063D95 /* AppDelegate.m */,
				E25EBCEA1AA3F8B700D3AF44 /* Application.xcassets */,
				E2A5BE6C1A80E560008DD47F /* Common.h */,
				E2C338B519F8562F00063D95 /* Document.h */,
				E2C338B619F8562F00063D95 /* Document.m */,
				E2C338B819F8562F00063D95 /* Document.xib */,
				E21739F51A5080DD00EC6777 /* DocumentController.h */,
				E21739F61A5080DD00EC6777 /* DocumentController.m */,
				E2BDA0671AD47A2F00E69729 /* Help.plist */,
				E2C338AF19F8562F00063D95 /* Info.plist */,
				E2A5BE6E1A814970008DD47F /* Localizable.strings */,
				0AE7F5ED2312C1B000B06050 /* InfoPlist.strings */,
				E2C338B319F8562F00063D95 /* main.m */,
				E2C338BD19F8562F00063D95 /* MainMenu.xib */,
				A53C6D0A1E61A9CF0070387E /* FontSizeTransformer.h */,
				A53C6D0B1E61A9CF0070387E /* FontSizeTransformer.m */,
				E2C5672B1A6D98BC00ECFE07 /* WindowController.h */,
				E2C5672C1A6D98BC00ECFE07 /* WindowController.m */,
				31CD50E1203E2E2800360B3A /* ToolbarItemWrapperView.h */,
				31CD50E2203E2E2800360B3A /* ToolbarItemWrapperView.m */,
				0A0167682330CABD0069961E /* ServicesProvider.h */,
				0A0167692330CABD0069961E /* ServicesProvider.m */,
				0A0D211A23579887003A2B5F /* AboutWindowController.h */,
				0A0D211723579887003A2B5F /* AboutWindowController.m */,
				0A2BBEC9235F9B2400912B65 /* AboutWindowController.xib */,
				0A2F488B23683DC90072C6FB /* AuthenticationWindowController.h */,
				0A2F488E23683DC90072C6FB /* AuthenticationWindowController.m */,
				0A2F489023683DD60072C6FB /* AuthenticationWindowController.xib */,
				0A58CD76237B4F4B00C2BDD0 /* CloneWindowController.h */,
				0A58CD73237B4F4B00C2BDD0 /* CloneWindowController.m */,
				0A58CD78237B4F9600C2BDD0 /* CloneWindowController.xib */,
				0AC8524D23A11F2F00479160 /* PreferencesWindowController.h */,
				0AC8525023A11F2F00479160 /* PreferencesWindowController.m */,
				0AC8525223A11F3700479160 /* PreferencesWindowController.xib */,
				0AD46259232711B000BE28D1 /* WelcomeWindowController.h */,
				0AD4625A232711B000BE28D1 /* WelcomeWindowController.m */,
				0A3388BA2353BD630022528D /* WelcomeWindowController.xib */,
				0A0C5AC923720BAE000D84A1 /* KeychainAccessor.h */,
				0A0C5ACA23720BAE000D84A1 /* KeychainAccessor.m */,
			);
			path = Application;
			sourceTree = "<group>";
		};
/* End PBXGroup section */

/* Begin PBXNativeTarget section */
		E21DCAE71B253847006424E8 /* Tool */ = {
			isa = PBXNativeTarget;
			buildConfigurationList = E21DCAEF1B253847006424E8 /* Build configuration list for PBXNativeTarget "Tool" */;
			buildPhases = (
				E21DCAE41B253847006424E8 /* Sources */,
				E21DCAE51B253847006424E8 /* Frameworks */,
			);
			buildRules = (
			);
			dependencies = (
				DBBEE6BF256B0B1C00F96DAF /* PBXTargetDependency */,
			);
			name = Tool;
			packageProductDependencies = (
				0A4881DB26C7B98D00289CF9 /* Libgit2Origin */,
			);
			productName = Tool;
			productReference = E21DCAE81B253847006424E8 /* gitup */;
			productType = "com.apple.product-type.tool";
		};
		E2C338AA19F8562F00063D95 /* Application */ = {
			isa = PBXNativeTarget;
			buildConfigurationList = E2C338CE19F8562F00063D95 /* Build configuration list for PBXNativeTarget "Application" */;
			buildPhases = (
				E2C338A719F8562F00063D95 /* Sources */,
				E2C338A819F8562F00063D95 /* Frameworks */,
				E2C338A919F8562F00063D95 /* Resources */,
				E2653D271A5B3298006A9871 /* Copy Frameworks */,
				E21DCAF21B2538FB006424E8 /* Copy Tool */,
				1D7D03E724528390002C1736 /* ShellScript */,
			);
			buildRules = (
			);
			dependencies = (
				E21DCAF11B2538C5006424E8 /* PBXTargetDependency */,
			);
			name = Application;
			productName = GitUp;
			productReference = E2C338AB19F8562F00063D95 /* GitUp.app */;
			productType = "com.apple.product-type.application";
		};
/* End PBXNativeTarget section */

/* Begin PBXProject section */
		E2C338A319F8562F00063D95 /* Project object */ = {
			isa = PBXProject;
			attributes = {
				LastUpgradeCheck = 1340;
				ORGANIZATIONNAME = "";
				TargetAttributes = {
					E21DCAE71B253847006424E8 = {
						CreatedOnToolsVersion = 6.3.2;
						ProvisioningStyle = Manual;
					};
					E2C338AA19F8562F00063D95 = {
						CreatedOnToolsVersion = 6.1;
						ProvisioningStyle = Manual;
					};
				};
			};
			buildConfigurationList = E2C338A619F8562F00063D95 /* Build configuration list for PBXProject "GitUp" */;
			compatibilityVersion = "Xcode 8.0";
			developmentRegion = en;
			hasScannedForEncodings = 0;
			knownRegions = (
				en,
				Base,
			);
			mainGroup = E2C338A219F8562F00063D95;
			productRefGroup = E2C338AC19F8562F00063D95 /* Products */;
			projectDirPath = "";
			projectReferences = (
				{
					ProductGroup = E28A16DB1B87021600218332 /* Products */;
					ProjectRef = E28A16DA1B87021600218332 /* GitUpKit.xcodeproj */;
				},
			);
			projectRoot = "";
			targets = (
				E2C338AA19F8562F00063D95 /* Application */,
				E21DCAE71B253847006424E8 /* Tool */,
			);
		};
/* End PBXProject section */

/* Begin PBXReferenceProxy section */
		E217538B1B91641F00BE234A /* GitUpKit.framework */ = {
			isa = PBXReferenceProxy;
			fileType = wrapper.framework;
			path = GitUpKit.framework;
			remoteRef = E217538A1B91641F00BE234A /* PBXContainerItemProxy */;
			sourceTree = BUILT_PRODUCTS_DIR;
		};
		E28A16E01B87021600218332 /* GitUpKit.framework */ = {
			isa = PBXReferenceProxy;
			fileType = wrapper.framework;
			path = GitUpKit.framework;
			remoteRef = E28A16DF1B87021600218332 /* PBXContainerItemProxy */;
			sourceTree = BUILT_PRODUCTS_DIR;
		};
		E28A16E21B87021600218332 /* GitUpTests.xctest */ = {
			isa = PBXReferenceProxy;
			fileType = wrapper.cfbundle;
			path = GitUpTests.xctest;
			remoteRef = E28A16E11B87021600218332 /* PBXContainerItemProxy */;
			sourceTree = BUILT_PRODUCTS_DIR;
		};
/* End PBXReferenceProxy section */

/* Begin PBXResourcesBuildPhase section */
		E2C338A919F8562F00063D95 /* Resources */ = {
			isa = PBXResourcesBuildPhase;
			buildActionMask = 2147483647;
			files = (
				E25EBCEB1AA3F8B700D3AF44 /* Application.xcassets in Resources */,
				0A58CD7A237B4F9600C2BDD0 /* CloneWindowController.xib in Resources */,
				0A3388BC2353BD630022528D /* WelcomeWindowController.xib in Resources */,
				0A2BBECB235F9B2400912B65 /* AboutWindowController.xib in Resources */,
				0AE7F5F12312C1B000B06050 /* InfoPlist.strings in Resources */,
				E2A5BE701A814970008DD47F /* Localizable.strings in Resources */,
				E2C338BA19F8562F00063D95 /* Document.xib in Resources */,
				0AC8525423A11F3700479160 /* PreferencesWindowController.xib in Resources */,
				0A2F489223683DD60072C6FB /* AuthenticationWindowController.xib in Resources */,
				E2C338BF19F8562F00063D95 /* MainMenu.xib in Resources */,
				E267E2741B84E42A00BAB377 /* Help.plist in Resources */,
			);
			runOnlyForDeploymentPostprocessing = 0;
		};
/* End PBXResourcesBuildPhase section */

/* Begin PBXShellScriptBuildPhase section */
		1D7D03E724528390002C1736 /* ShellScript */ = {
			isa = PBXShellScriptBuildPhase;
			buildActionMask = 2147483647;
			files = (
			);
			inputFileListPaths = (
			);
			inputPaths = (
			);
			outputFileListPaths = (
			);
			outputPaths = (
			);
			runOnlyForDeploymentPostprocessing = 0;
			shellPath = /bin/sh;
			shellScript = "# Code sign sparkle app\nLOCATION=\"${BUILT_PRODUCTS_DIR}\"/\"${FRAMEWORKS_FOLDER_PATH}\"\n\n# By default, use the configured code signing identity for the project/target\nIDENTITY=\"${EXPANDED_CODE_SIGN_IDENTITY}\"\nif [ \"$IDENTITY\" == \"\" ]\nthen\n  # If a code signing identity is not specified, use ad hoc signing\n  IDENTITY=\"-\"\nfi\ncodesign --verbose --force --deep -o runtime --sign \"$IDENTITY\" \"$LOCATION/Sparkle.framework/Versions/A/Resources/AutoUpdate.app\"\ncodesign --verbose --force -o runtime --sign \"$IDENTITY\" \"$LOCATION/Sparkle.framework/Versions/A\"\n";
		};
/* End PBXShellScriptBuildPhase section */

/* Begin PBXSourcesBuildPhase section */
		E21DCAE41B253847006424E8 /* Sources */ = {
			isa = PBXSourcesBuildPhase;
			buildActionMask = 2147483647;
			files = (
				E21DCAEB1B253847006424E8 /* main.m in Sources */,
			);
			runOnlyForDeploymentPostprocessing = 0;
		};
		E2C338A719F8562F00063D95 /* Sources */ = {
			isa = PBXSourcesBuildPhase;
			buildActionMask = 2147483647;
			files = (
				0A01676A2330CABD0069961E /* ServicesProvider.m in Sources */,
				E21739F71A5080DD00EC6777 /* DocumentController.m in Sources */,
				E2C338B419F8562F00063D95 /* main.m in Sources */,
				E2C5672D1A6D98BC00ECFE07 /* WindowController.m in Sources */,
				A53C6D0C1E61A9CF0070387E /* FontSizeTransformer.m in Sources */,
				E2C338B219F8562F00063D95 /* AppDelegate.m in Sources */,
				0A58CD77237B4F4B00C2BDD0 /* CloneWindowController.m in Sources */,
				E2C338B719F8562F00063D95 /* Document.m in Sources */,
				0AD4625B232711B000BE28D1 /* WelcomeWindowController.m in Sources */,
				0A0D211B23579888003A2B5F /* AboutWindowController.m in Sources */,
				0AC8525123A11F2F00479160 /* PreferencesWindowController.m in Sources */,
				31CD50E3203E2E2800360B3A /* ToolbarItemWrapperView.m in Sources */,
				0A2F488F23683DC90072C6FB /* AuthenticationWindowController.m in Sources */,
				0A0C5ACB23720BAE000D84A1 /* KeychainAccessor.m in Sources */,
			);
			runOnlyForDeploymentPostprocessing = 0;
		};
/* End PBXSourcesBuildPhase section */

/* Begin PBXTargetDependency section */
		DBBEE6BF256B0B1C00F96DAF /* PBXTargetDependency */ = {
			isa = PBXTargetDependency;
			name = "GitUpKit (macOS)";
			targetProxy = DBBEE6BE256B0B1C00F96DAF /* PBXContainerItemProxy */;
		};
		E21DCAF11B2538C5006424E8 /* PBXTargetDependency */ = {
			isa = PBXTargetDependency;
			target = E21DCAE71B253847006424E8 /* Tool */;
			targetProxy = E21DCAF01B2538C5006424E8 /* PBXContainerItemProxy */;
		};
/* End PBXTargetDependency section */

/* Begin PBXVariantGroup section */
		0A2BBEC9235F9B2400912B65 /* AboutWindowController.xib */ = {
			isa = PBXVariantGroup;
			children = (
				0A2BBECA235F9B2400912B65 /* Base */,
			);
			name = AboutWindowController.xib;
			sourceTree = "<group>";
		};
		0A2F489023683DD60072C6FB /* AuthenticationWindowController.xib */ = {
			isa = PBXVariantGroup;
			children = (
				0A2F489123683DD60072C6FB /* Base */,
			);
			name = AuthenticationWindowController.xib;
			sourceTree = "<group>";
		};
		0A3388BA2353BD630022528D /* WelcomeWindowController.xib */ = {
			isa = PBXVariantGroup;
			children = (
				0A3388BB2353BD630022528D /* Base */,
			);
			name = WelcomeWindowController.xib;
			sourceTree = "<group>";
		};
		0A58CD78237B4F9600C2BDD0 /* CloneWindowController.xib */ = {
			isa = PBXVariantGroup;
			children = (
				0A58CD79237B4F9600C2BDD0 /* Base */,
			);
			name = CloneWindowController.xib;
			sourceTree = "<group>";
		};
		0AC8525223A11F3700479160 /* PreferencesWindowController.xib */ = {
			isa = PBXVariantGroup;
			children = (
				0AC8525323A11F3700479160 /* Base */,
			);
			name = PreferencesWindowController.xib;
			sourceTree = "<group>";
		};
		0AE7F5ED2312C1B000B06050 /* InfoPlist.strings */ = {
			isa = PBXVariantGroup;
			children = (
				0AE7F5EE2312C1B000B06050 /* en */,
			);
			name = InfoPlist.strings;
			sourceTree = "<group>";
		};
		E2A5BE6E1A814970008DD47F /* Localizable.strings */ = {
			isa = PBXVariantGroup;
			children = (
				E2A5BE6F1A814970008DD47F /* en */,
			);
			name = Localizable.strings;
			sourceTree = "<group>";
		};
		E2BDA0671AD47A2F00E69729 /* Help.plist */ = {
			isa = PBXVariantGroup;
			children = (
				E2BDA0681AD47A2F00E69729 /* en */,
			);
			name = Help.plist;
			sourceTree = "<group>";
		};
		E2C338B819F8562F00063D95 /* Document.xib */ = {
			isa = PBXVariantGroup;
			children = (
				E2C8C91519FABC5100DA54AA /* Base */,
			);
			name = Document.xib;
			sourceTree = "<group>";
		};
		E2C338BD19F8562F00063D95 /* MainMenu.xib */ = {
			isa = PBXVariantGroup;
			children = (
				E2C8C91619FABC5100DA54AA /* Base */,
			);
			name = MainMenu.xib;
			sourceTree = "<group>";
		};
/* End PBXVariantGroup section */

/* Begin XCBuildConfiguration section */
		E21DCAEC1B253847006424E8 /* Debug */ = {
			isa = XCBuildConfiguration;
			buildSettings = {
				HEADER_SEARCH_PATHS = "../GitUpKit/Third-Party/libgit2/include";
				PRODUCT_NAME = gitup;
				SKIP_INSTALL = YES;
			};
			name = Debug;
		};
		E21DCAED1B253847006424E8 /* Release */ = {
			isa = XCBuildConfiguration;
			buildSettings = {
				HEADER_SEARCH_PATHS = "../GitUpKit/Third-Party/libgit2/include";
				PRODUCT_NAME = gitup;
				SKIP_INSTALL = YES;
			};
			name = Release;
		};
		E2C338CC19F8562F00063D95 /* Debug */ = {
			isa = XCBuildConfiguration;
			baseConfigurationReference = E27E37571B86F670000A551A /* Debug.xcconfig */;
			buildSettings = {
				IPHONEOS_DEPLOYMENT_TARGET = 12.0;
				SDKROOT = macosx;
			};
			name = Debug;
		};
		E2C338CD19F8562F00063D95 /* Release */ = {
			isa = XCBuildConfiguration;
			baseConfigurationReference = E27E37591B86F670000A551A /* Release.xcconfig */;
			buildSettings = {
				IPHONEOS_DEPLOYMENT_TARGET = 12.0;
				SDKROOT = macosx;
			};
			name = Release;
		};
		E2C338CF19F8562F00063D95 /* Debug */ = {
			isa = XCBuildConfiguration;
			buildSettings = {
				ASSETCATALOG_COMPILER_APPICON_NAME = AppIcon;
				BUNDLE_VERSION = 0;
				BUNDLE_VERSION_STRING = 1.1;
				CODE_SIGN_ENTITLEMENTS = Application/GitUp.entitlements;
				FRAMEWORK_SEARCH_PATHS = "$(SRCROOT)/Third-Party";
				INFOPLIST_FILE = Application/Info.plist;
				LD_RUNPATH_SEARCH_PATHS = (
					"$(inherited)",
					"@executable_path/../Frameworks",
				);
				MARKETING_VERSION = 1.3.2;
				PRODUCT_BUNDLE_IDENTIFIER = "co.gitup.mac-debug";
				PRODUCT_NAME = GitUp;
			};
			name = Debug;
		};
		E2C338D019F8562F00063D95 /* Release */ = {
			isa = XCBuildConfiguration;
			buildSettings = {
				ASSETCATALOG_COMPILER_APPICON_NAME = AppIcon;
				BUNDLE_VERSION = 0;
				BUNDLE_VERSION_STRING = 1.1;
				CODE_SIGN_ENTITLEMENTS = Application/GitUp.entitlements;
				FRAMEWORK_SEARCH_PATHS = "$(SRCROOT)/Third-Party";
				INFOPLIST_FILE = Application/Info.plist;
				LD_RUNPATH_SEARCH_PATHS = (
					"$(inherited)",
					"@executable_path/../Frameworks",
				);
				MARKETING_VERSION = 1.3.2;
				PRODUCT_BUNDLE_IDENTIFIER = co.gitup.mac;
				PRODUCT_NAME = GitUp;
			};
			name = Release;
		};
/* End XCBuildConfiguration section */

/* Begin XCConfigurationList section */
		E21DCAEF1B253847006424E8 /* Build configuration list for PBXNativeTarget "Tool" */ = {
			isa = XCConfigurationList;
			buildConfigurations = (
				E21DCAEC1B253847006424E8 /* Debug */,
				E21DCAED1B253847006424E8 /* Release */,
			);
			defaultConfigurationIsVisible = 0;
			defaultConfigurationName = Release;
		};
		E2C338A619F8562F00063D95 /* Build configuration list for PBXProject "GitUp" */ = {
			isa = XCConfigurationList;
			buildConfigurations = (
				E2C338CC19F8562F00063D95 /* Debug */,
				E2C338CD19F8562F00063D95 /* Release */,
			);
			defaultConfigurationIsVisible = 0;
			defaultConfigurationName = Release;
		};
		E2C338CE19F8562F00063D95 /* Build configuration list for PBXNativeTarget "Application" */ = {
			isa = XCConfigurationList;
			buildConfigurations = (
				E2C338CF19F8562F00063D95 /* Debug */,
				E2C338D019F8562F00063D95 /* Release */,
			);
			defaultConfigurationIsVisible = 0;
			defaultConfigurationName = Release;
		};
/* End XCConfigurationList section */

/* Begin XCSwiftPackageProductDependency section */
		0A4881DB26C7B98D00289CF9 /* Libgit2Origin */ = {
			isa = XCSwiftPackageProductDependency;
			productName = Libgit2Origin;
		};
/* End XCSwiftPackageProductDependency section */
	};
	rootObject = E2C338A319F8562F00063D95 /* Project object */;
}
